
Microsoft Visual Studio Solution File, Format Version 12.00
# Visual Studio Version 17
VisualStudioVersion = 17.14.36408.4 d17.14
MinimumVisualStudioVersion = 10.0.40219.1
Project("{FAE04EC0-301F-11D3-BF4B-00C04F79EFBC}") = "Inva.LawMax", "Inva.LawMax\Inva.LawMax.csproj", "{D770B0D3-AD82-4FAB-8042-D8C7CE1BF20C}"
EndProject
Global
	GlobalSection(SolutionConfigurationPlatforms) = preSolution
		Debug|Any CPU = Debug|Any CPU
		Release|Any CPU = Release|Any CPU
	EndGlobalSection
	GlobalSection(ProjectConfigurationPlatforms) = postSolution
		{D770B0D3-AD82-4FAB-8042-D8C7CE1BF20C}.Debug|Any CPU.ActiveCfg = Debug|Any CPU
		{D770B0D3-AD82-4FAB-8042-D8C7CE1BF20C}.Debug|Any CPU.Build.0 = Debug|Any CPU
		{D770B0D3-AD82-4FAB-8042-D8C7CE1BF20C}.Release|Any CPU.ActiveCfg = Release|Any CPU
		{D770B0D3-AD82-4FAB-8042-D8C7CE1BF20C}.Release|Any CPU.Build.0 = Release|Any CPU
	EndGlobalSection
	GlobalSection(SolutionProperties) = preSolution
		HideSolutionNode = FALSE
	EndGlobalSection
	GlobalSection(ExtensibilityGlobals) = postSolution
		SolutionGuid = {768279E3-7C8A-4DEC-A685-D6B48598627E}
	EndGlobalSection
EndGlobal
